
Microsoft Visual Studio Solution File, Format Version 12.00
# Visual Studio Version 17
VisualStudioVersion = 17.4.33122.133
MinimumVisualStudioVersion = 10.0.40219.1
Project("{FAE04EC0-301F-11D3-BF4B-00C04F79EFBC}") = "MVC Practice", "..\..\MVC Practice\MVC Practice\MVC Practice.csproj", "{0D6E4CB4-9397-409D-861C-164254FE660C}"
EndProject
Project("{FAE04EC0-301F-11D3-BF4B-00C04F79EFBC}") = "MVCAssignment1", "..\..\MVC Practice\MVCAssignment1\MVCAssignment1.csproj", "{FC239194-B179-45E1-AAF9-BB02318A22F5}"
EndProject
Project("{FAE04EC0-301F-11D3-BF4B-00C04F79EFBC}") = "MVC Assignment2", "..\..\MVC Practice\MVC Assignment2\MVC Assignment2.csproj", "{BD6E09BE-B59F-4A23-93FD-15D9060D5802}"
EndProject
Project("{FAE04EC0-301F-11D3-BF4B-00C04F79EFBC}") = "ModelExample", "..\..\MVC Practice\ModelExample\ModelExample.csproj", "{63EEEBA8-A334-4C23-BF6C-64A0039531F3}"
EndProject
Project("{FAE04EC0-301F-11D3-BF4B-00C04F79EFBC}") = "LayoutViewExample", "..\..\MVC Practice\LayoutViewExample\LayoutViewExample.csproj", "{1BB9ACFC-5D32-4A2D-8874-1C3026FEF85F}"
EndProject
Global
	GlobalSection(SolutionConfigurationPlatforms) = preSolution
		Debug|Any CPU = Debug|Any CPU
		Release|Any CPU = Release|Any CPU
	EndGlobalSection
	GlobalSection(ProjectConfigurationPlatforms) = postSolution
		{0D6E4CB4-9397-409D-861C-164254FE660C}.Debug|Any CPU.ActiveCfg = Debug|Any CPU
		{0D6E4CB4-9397-409D-861C-164254FE660C}.Debug|Any CPU.Build.0 = Debug|Any CPU
		{0D6E4CB4-9397-409D-861C-164254FE660C}.Release|Any CPU.ActiveCfg = Release|Any CPU
		{0D6E4CB4-9397-409D-861C-164254FE660C}.Release|Any CPU.Build.0 = Release|Any CPU
		{FC239194-B179-45E1-AAF9-BB02318A22F5}.Debug|Any CPU.ActiveCfg = Debug|Any CPU
		{FC239194-B179-45E1-AAF9-BB02318A22F5}.Debug|Any CPU.Build.0 = Debug|Any CPU
		{FC239194-B179-45E1-AAF9-BB02318A22F5}.Release|Any CPU.ActiveCfg = Release|Any CPU
		{FC239194-B179-45E1-AAF9-BB02318A22F5}.Release|Any CPU.Build.0 = Release|Any CPU
		{BD6E09BE-B59F-4A23-93FD-15D9060D5802}.Debug|Any CPU.ActiveCfg = Debug|Any CPU
		{BD6E09BE-B59F-4A23-93FD-15D9060D5802}.Debug|Any CPU.Build.0 = Debug|Any CPU
		{BD6E09BE-B59F-4A23-93FD-15D9060D5802}.Release|Any CPU.ActiveCfg = Release|Any CPU
		{BD6E09BE-B59F-4A23-93FD-15D9060D5802}.Release|Any CPU.Build.0 = Release|Any CPU
		{63EEEBA8-A334-4C23-BF6C-64A0039531F3}.Debug|Any CPU.ActiveCfg = Debug|Any CPU
		{63EEEBA8-A334-4C23-BF6C-64A0039531F3}.Debug|Any CPU.Build.0 = Debug|Any CPU
		{63EEEBA8-A334-4C23-BF6C-64A0039531F3}.Release|Any CPU.ActiveCfg = Release|Any CPU
		{63EEEBA8-A334-4C23-BF6C-64A0039531F3}.Release|Any CPU.Build.0 = Release|Any CPU
		{1BB9ACFC-5D32-4A2D-8874-1C3026FEF85F}.Debug|Any CPU.ActiveCfg = Debug|Any CPU
		{1BB9ACFC-5D32-4A2D-8874-1C3026FEF85F}.Debug|Any CPU.Build.0 = Debug|Any CPU
		{1BB9ACFC-5D32-4A2D-8874-1C3026FEF85F}.Release|Any CPU.ActiveCfg = Release|Any CPU
		{1BB9ACFC-5D32-4A2D-8874-1C3026FEF85F}.Release|Any CPU.Build.0 = Release|Any CPU
	EndGlobalSection
	GlobalSection(SolutionProperties) = preSolution
		HideSolutionNode = FALSE
	EndGlobalSection
	GlobalSection(ExtensibilityGlobals) = postSolution
		SolutionGuid = {55B229B5-1178-42A3-B036-D6CB4E11E13E}
	EndGlobalSection
EndGlobal
