
Microsoft Visual Studio Solution File, Format Version 12.00
# Visual Studio Version 17
VisualStudioVersion = 17.4.33122.133
MinimumVisualStudioVersion = 10.0.40219.1
Project("{FAE04EC0-301F-11D3-BF4B-00C04F79EFBC}") = "MVC Practice", "MVC Practice\MVC Practice.csproj", "{0D6E4CB4-9397-409D-861C-164254FE660C}"
EndProject
Project("{FAE04EC0-301F-11D3-BF4B-00C04F79EFBC}") = "MVCAssignment1", "MVCAssignment1\MVCAssignment1.csproj", "{FC239194-B179-45E1-AAF9-BB02318A22F5}"
EndProject
Project("{FAE04EC0-301F-11D3-BF4B-00C04F79EFBC}") = "ModelExample", "ModelExample\ModelExample.csproj", "{63EEEBA8-A334-4C23-BF6C-64A0039531F3}"
EndProject
Project("{FAE04EC0-301F-11D3-BF4B-00C04F79EFBC}") = "LayoutViewExample", "LayoutViewExample\LayoutViewExample.csproj", "{1BB9ACFC-5D32-4A2D-8874-1C3026FEF85F}"
EndProject
Project("{FAE04EC0-301F-11D3-BF4B-00C04F79EFBC}") = "EFDbFirstApproach", "EFDbFirstApproach\EFDbFirstApproach.csproj", "{6EDCA0A6-6FAF-4C9C-A321-AF1266AD24AC}"
EndProject
Project("{2150E333-8FDC-42A3-9474-1A3956D46DE8}") = "Notes", "Notes", "{06E7443E-6E60-40E0-85B3-EAEB95295C4B}"
	ProjectSection(SolutionItems) = preProject
		Code First Commands.txt = Code First Commands.txt
		..\Package Installation.txt = ..\Package Installation.txt
	EndProjectSection
EndProject
Project("{FAE04EC0-301F-11D3-BF4B-00C04F79EFBC}") = "EFDbFirstApproachCodeFirstApproach", "EFDbFirstApproachCodeFirstApproach\EFDbFirstApproachCodeFirstApproach.csproj", "{38BACAA9-2322-4981-97F0-CD86268CFBDC}"
EndProject
Project("{FAE04EC0-301F-11D3-BF4B-00C04F79EFBC}") = "EFDbFirstApproachCodeFirstApproachRecreateDB", "EFDbFirstApproachCodeFirstApproachRecreateDB\EFDbFirstApproachCodeFirstApproachRecreateDB.csproj", "{60BB9E80-6234-4A78-A7CD-976591D1C92C}"
EndProject
Project("{FAE04EC0-301F-11D3-BF4B-00C04F79EFBC}") = "EFDbCodeFirstApproachMigrationsManually", "EFDbCodeFirstApproachMigrationsManually\EFDbCodeFirstApproachMigrationsManually.csproj", "{96C300D8-852B-4DCE-BB2D-9308A0E1F1DE}"
EndProject
Project("{FAE04EC0-301F-11D3-BF4B-00C04F79EFBC}") = "EFDBHtmlHelpers", "EFDBHtmlHelpers\EFDBHtmlHelpers.csproj", "{8A648D66-9BFD-4361-8B21-2F761D4FF11A}"
EndProject
Project("{FAE04EC0-301F-11D3-BF4B-00C04F79EFBC}") = "EFDBCustomizeLabelHtmlHelpers", "EFDBCustomizeLabelHtmlHelpers\EFDBCustomizeLabelHtmlHelpers.csproj", "{F2831012-0993-463F-8493-8DC0700C6ED4}"
EndProject
Project("{FAE04EC0-301F-11D3-BF4B-00C04F79EFBC}") = "EFDBValidations", "EFDBValidations\EFDBValidations.csproj", "{F38DD7BB-8FA7-426B-B6EF-0964485433DB}"
EndProject
Global
	GlobalSection(SolutionConfigurationPlatforms) = preSolution
		Debug|Any CPU = Debug|Any CPU
		Release|Any CPU = Release|Any CPU
	EndGlobalSection
	GlobalSection(ProjectConfigurationPlatforms) = postSolution
		{0D6E4CB4-9397-409D-861C-164254FE660C}.Debug|Any CPU.ActiveCfg = Debug|Any CPU
		{0D6E4CB4-9397-409D-861C-164254FE660C}.Debug|Any CPU.Build.0 = Debug|Any CPU
		{0D6E4CB4-9397-409D-861C-164254FE660C}.Release|Any CPU.ActiveCfg = Release|Any CPU
		{0D6E4CB4-9397-409D-861C-164254FE660C}.Release|Any CPU.Build.0 = Release|Any CPU
		{FC239194-B179-45E1-AAF9-BB02318A22F5}.Debug|Any CPU.ActiveCfg = Debug|Any CPU
		{FC239194-B179-45E1-AAF9-BB02318A22F5}.Debug|Any CPU.Build.0 = Debug|Any CPU
		{FC239194-B179-45E1-AAF9-BB02318A22F5}.Release|Any CPU.ActiveCfg = Release|Any CPU
		{FC239194-B179-45E1-AAF9-BB02318A22F5}.Release|Any CPU.Build.0 = Release|Any CPU
		{63EEEBA8-A334-4C23-BF6C-64A0039531F3}.Debug|Any CPU.ActiveCfg = Debug|Any CPU
		{63EEEBA8-A334-4C23-BF6C-64A0039531F3}.Debug|Any CPU.Build.0 = Debug|Any CPU
		{63EEEBA8-A334-4C23-BF6C-64A0039531F3}.Release|Any CPU.ActiveCfg = Release|Any CPU
		{63EEEBA8-A334-4C23-BF6C-64A0039531F3}.Release|Any CPU.Build.0 = Release|Any CPU
		{1BB9ACFC-5D32-4A2D-8874-1C3026FEF85F}.Debug|Any CPU.ActiveCfg = Debug|Any CPU
		{1BB9ACFC-5D32-4A2D-8874-1C3026FEF85F}.Debug|Any CPU.Build.0 = Debug|Any CPU
		{1BB9ACFC-5D32-4A2D-8874-1C3026FEF85F}.Release|Any CPU.ActiveCfg = Release|Any CPU
		{1BB9ACFC-5D32-4A2D-8874-1C3026FEF85F}.Release|Any CPU.Build.0 = Release|Any CPU
		{6EDCA0A6-6FAF-4C9C-A321-AF1266AD24AC}.Debug|Any CPU.ActiveCfg = Debug|Any CPU
		{6EDCA0A6-6FAF-4C9C-A321-AF1266AD24AC}.Debug|Any CPU.Build.0 = Debug|Any CPU
		{6EDCA0A6-6FAF-4C9C-A321-AF1266AD24AC}.Release|Any CPU.ActiveCfg = Release|Any CPU
		{6EDCA0A6-6FAF-4C9C-A321-AF1266AD24AC}.Release|Any CPU.Build.0 = Release|Any CPU
		{38BACAA9-2322-4981-97F0-CD86268CFBDC}.Debug|Any CPU.ActiveCfg = Debug|Any CPU
		{38BACAA9-2322-4981-97F0-CD86268CFBDC}.Debug|Any CPU.Build.0 = Debug|Any CPU
		{38BACAA9-2322-4981-97F0-CD86268CFBDC}.Release|Any CPU.ActiveCfg = Release|Any CPU
		{38BACAA9-2322-4981-97F0-CD86268CFBDC}.Release|Any CPU.Build.0 = Release|Any CPU
		{60BB9E80-6234-4A78-A7CD-976591D1C92C}.Debug|Any CPU.ActiveCfg = Debug|Any CPU
		{60BB9E80-6234-4A78-A7CD-976591D1C92C}.Debug|Any CPU.Build.0 = Debug|Any CPU
		{60BB9E80-6234-4A78-A7CD-976591D1C92C}.Release|Any CPU.ActiveCfg = Release|Any CPU
		{60BB9E80-6234-4A78-A7CD-976591D1C92C}.Release|Any CPU.Build.0 = Release|Any CPU
		{96C300D8-852B-4DCE-BB2D-9308A0E1F1DE}.Debug|Any CPU.ActiveCfg = Debug|Any CPU
		{96C300D8-852B-4DCE-BB2D-9308A0E1F1DE}.Debug|Any CPU.Build.0 = Debug|Any CPU
		{96C300D8-852B-4DCE-BB2D-9308A0E1F1DE}.Release|Any CPU.ActiveCfg = Release|Any CPU
		{96C300D8-852B-4DCE-BB2D-9308A0E1F1DE}.Release|Any CPU.Build.0 = Release|Any CPU
		{8A648D66-9BFD-4361-8B21-2F761D4FF11A}.Debug|Any CPU.ActiveCfg = Debug|Any CPU
		{8A648D66-9BFD-4361-8B21-2F761D4FF11A}.Debug|Any CPU.Build.0 = Debug|Any CPU
		{8A648D66-9BFD-4361-8B21-2F761D4FF11A}.Release|Any CPU.ActiveCfg = Release|Any CPU
		{8A648D66-9BFD-4361-8B21-2F761D4FF11A}.Release|Any CPU.Build.0 = Release|Any CPU
		{F2831012-0993-463F-8493-8DC0700C6ED4}.Debug|Any CPU.ActiveCfg = Debug|Any CPU
		{F2831012-0993-463F-8493-8DC0700C6ED4}.Debug|Any CPU.Build.0 = Debug|Any CPU
		{F2831012-0993-463F-8493-8DC0700C6ED4}.Release|Any CPU.ActiveCfg = Release|Any CPU
		{F2831012-0993-463F-8493-8DC0700C6ED4}.Release|Any CPU.Build.0 = Release|Any CPU
		{F38DD7BB-8FA7-426B-B6EF-0964485433DB}.Debug|Any CPU.ActiveCfg = Debug|Any CPU
		{F38DD7BB-8FA7-426B-B6EF-0964485433DB}.Debug|Any CPU.Build.0 = Debug|Any CPU
		{F38DD7BB-8FA7-426B-B6EF-0964485433DB}.Release|Any CPU.ActiveCfg = Release|Any CPU
		{F38DD7BB-8FA7-426B-B6EF-0964485433DB}.Release|Any CPU.Build.0 = Release|Any CPU
	EndGlobalSection
	GlobalSection(SolutionProperties) = preSolution
		HideSolutionNode = FALSE
	EndGlobalSection
	GlobalSection(ExtensibilityGlobals) = postSolution
		SolutionGuid = {B59AA9BB-2610-4B62-A1D8-7FDA08A45D14}
	EndGlobalSection
EndGlobal
